// !$*UTF8*$!
{
	archiveVersion = 1;
	classes = {
	};
	objectVersion = 50;
	objects = {

/* Begin PBXBuildFile section */
		863112CB249E30A700E01FED /* main.swift in Sources */ = {isa = PBXBuildFile; fileRef = 863112CA249E30A700E01FED /* main.swift */; };
		863112DE249E311500E01FED /* CountingDuplicatesTest.swift in Sources */ = {isa = PBXBuildFile; fileRef = 863112DD249E311500E01FED /* CountingDuplicatesTest.swift */; };
		863112E1249E318F00E01FED /* CountDuplicates.swift in Sources */ = {isa = PBXBuildFile; fileRef = 863112E0249E318F00E01FED /* CountDuplicates.swift */; };
		863112E2249E318F00E01FED /* CountDuplicates.swift in Sources */ = {isa = PBXBuildFile; fileRef = 863112E0249E318F00E01FED /* CountDuplicates.swift */; };
		863112E5249E754D00E01FED /* PersistentBugger.swift in Sources */ = {isa = PBXBuildFile; fileRef = 863112E4249E754D00E01FED /* PersistentBugger.swift */; };
		863112E6249E754D00E01FED /* PersistentBugger.swift in Sources */ = {isa = PBXBuildFile; fileRef = 863112E4249E754D00E01FED /* PersistentBugger.swift */; };
		863112E8249E759E00E01FED /* PersistentBuggerTest.swift in Sources */ = {isa = PBXBuildFile; fileRef = 863112E7249E759E00E01FED /* PersistentBuggerTest.swift */; };
		8670BEE3250FCCA800208DCD /* PartialWordSearching.swift in Sources */ = {isa = PBXBuildFile; fileRef = 8670BEE2250FCCA800208DCD /* PartialWordSearching.swift */; };
		8670BEE4250FCCE500208DCD /* PartialWordSearching.swift in Sources */ = {isa = PBXBuildFile; fileRef = 8670BEE2250FCCA800208DCD /* PartialWordSearching.swift */; };
		8670BEE6250FCCF100208DCD /* PartialWordSearchingTest.swift in Sources */ = {isa = PBXBuildFile; fileRef = 8670BEE5250FCCF100208DCD /* PartialWordSearchingTest.swift */; };
		86B7AB61249F9F140014916D /* CheckForFactor.swift in Sources */ = {isa = PBXBuildFile; fileRef = 86B7AB60249F9F140014916D /* CheckForFactor.swift */; };
		86B7AB63249F9F9D0014916D /* CheckForFactorTest.swift in Sources */ = {isa = PBXBuildFile; fileRef = 86B7AB62249F9F9D0014916D /* CheckForFactorTest.swift */; };
		86B7AB64249FA0A00014916D /* CheckForFactor.swift in Sources */ = {isa = PBXBuildFile; fileRef = 86B7AB60249F9F140014916D /* CheckForFactor.swift */; };
		86B7AB67249FA1270014916D /* ConsecutiveStrings.swift in Sources */ = {isa = PBXBuildFile; fileRef = 86B7AB66249FA1270014916D /* ConsecutiveStrings.swift */; };
		86B7AB68249FA1270014916D /* ConsecutiveStrings.swift in Sources */ = {isa = PBXBuildFile; fileRef = 86B7AB66249FA1270014916D /* ConsecutiveStrings.swift */; };
		86B7AB6A249FA1440014916D /* ConsecutiveStringsTest.swift in Sources */ = {isa = PBXBuildFile; fileRef = 86B7AB69249FA1440014916D /* ConsecutiveStringsTest.swift */; };
		86B7AB6B249FAEF80014916D /* main.swift in Sources */ = {isa = PBXBuildFile; fileRef = 863112CA249E30A700E01FED /* main.swift */; };
		86F3A66224A291920035E24F /* RomanNumeralsDecoder.swift in Sources */ = {isa = PBXBuildFile; fileRef = 86F3A66124A291920035E24F /* RomanNumeralsDecoder.swift */; };
		86F3A66424A291A30035E24F /* RomanNumeralsDecoderTest.swift in Sources */ = {isa = PBXBuildFile; fileRef = 86F3A66324A291A30035E24F /* RomanNumeralsDecoderTest.swift */; };
		86F3A66524A291A60035E24F /* RomanNumeralsDecoder.swift in Sources */ = {isa = PBXBuildFile; fileRef = 86F3A66124A291920035E24F /* RomanNumeralsDecoder.swift */; };
/* End PBXBuildFile section */

/* Begin PBXCopyFilesBuildPhase section */
		863112C5249E30A700E01FED /* CopyFiles */ = {
			isa = PBXCopyFilesBuildPhase;
			buildActionMask = 2147483647;
			dstPath = /usr/share/man/man1/;
			dstSubfolderSpec = 0;
			files = (
			);
			runOnlyForDeploymentPostprocessing = 1;
		};
/* End PBXCopyFilesBuildPhase section */

/* Begin PBXFileReference section */
		863112C7249E30A700E01FED /* SwiftPractice */ = {isa = PBXFileReference; explicitFileType = "compiled.mach-o.executable"; includeInIndex = 0; path = SwiftPractice; sourceTree = BUILT_PRODUCTS_DIR; };
		863112CA249E30A700E01FED /* main.swift */ = {isa = PBXFileReference; lastKnownFileType = sourcecode.swift; path = main.swift; sourceTree = "<group>"; };
		863112D5249E30F600E01FED /* AlgosTesting.xctest */ = {isa = PBXFileReference; explicitFileType = wrapper.cfbundle; includeInIndex = 0; path = AlgosTesting.xctest; sourceTree = BUILT_PRODUCTS_DIR; };
		863112D9249E30F600E01FED /* Info.plist */ = {isa = PBXFileReference; lastKnownFileType = text.plist.xml; path = Info.plist; sourceTree = "<group>"; };
		863112DD249E311500E01FED /* CountingDuplicatesTest.swift */ = {isa = PBXFileReference; lastKnownFileType = sourcecode.swift; path = CountingDuplicatesTest.swift; sourceTree = "<group>"; };
		863112E0249E318F00E01FED /* CountDuplicates.swift */ = {isa = PBXFileReference; lastKnownFileType = sourcecode.swift; path = CountDuplicates.swift; sourceTree = "<group>"; };
		863112E4249E754D00E01FED /* PersistentBugger.swift */ = {isa = PBXFileReference; lastKnownFileType = sourcecode.swift; path = PersistentBugger.swift; sourceTree = "<group>"; };
		863112E7249E759E00E01FED /* PersistentBuggerTest.swift */ = {isa = PBXFileReference; lastKnownFileType = sourcecode.swift; path = PersistentBuggerTest.swift; sourceTree = "<group>"; };
		8670BEE2250FCCA800208DCD /* PartialWordSearching.swift */ = {isa = PBXFileReference; lastKnownFileType = sourcecode.swift; path = PartialWordSearching.swift; sourceTree = "<group>"; };
		8670BEE5250FCCF100208DCD /* PartialWordSearchingTest.swift */ = {isa = PBXFileReference; lastKnownFileType = sourcecode.swift; path = PartialWordSearchingTest.swift; sourceTree = "<group>"; };
		86B7AB60249F9F140014916D /* CheckForFactor.swift */ = {isa = PBXFileReference; lastKnownFileType = sourcecode.swift; path = CheckForFactor.swift; sourceTree = "<group>"; };
		86B7AB62249F9F9D0014916D /* CheckForFactorTest.swift */ = {isa = PBXFileReference; lastKnownFileType = sourcecode.swift; path = CheckForFactorTest.swift; sourceTree = "<group>"; };
		86B7AB66249FA1270014916D /* ConsecutiveStrings.swift */ = {isa = PBXFileReference; lastKnownFileType = sourcecode.swift; path = ConsecutiveStrings.swift; sourceTree = "<group>"; };
		86B7AB69249FA1440014916D /* ConsecutiveStringsTest.swift */ = {isa = PBXFileReference; lastKnownFileType = sourcecode.swift; path = ConsecutiveStringsTest.swift; sourceTree = "<group>"; };
		86F3A66124A291920035E24F /* RomanNumeralsDecoder.swift */ = {isa = PBXFileReference; lastKnownFileType = sourcecode.swift; path = RomanNumeralsDecoder.swift; sourceTree = "<group>"; };
		86F3A66324A291A30035E24F /* RomanNumeralsDecoderTest.swift */ = {isa = PBXFileReference; lastKnownFileType = sourcecode.swift; path = RomanNumeralsDecoderTest.swift; sourceTree = "<group>"; };
/* End PBXFileReference section */

/* Begin PBXFrameworksBuildPhase section */
		863112C4249E30A700E01FED /* Frameworks */ = {
			isa = PBXFrameworksBuildPhase;
			buildActionMask = 2147483647;
			files = (
			);
			runOnlyForDeploymentPostprocessing = 0;
		};
		863112D2249E30F600E01FED /* Frameworks */ = {
			isa = PBXFrameworksBuildPhase;
			buildActionMask = 2147483647;
			files = (
			);
			runOnlyForDeploymentPostprocessing = 0;
		};
/* End PBXFrameworksBuildPhase section */

/* Begin PBXGroup section */
		863112BE249E30A700E01FED = {
			isa = PBXGroup;
			children = (
				863112C9249E30A700E01FED /* SwiftPractice */,
				863112CA249E30A700E01FED /* main.swift */,
				863112D6249E30F600E01FED /* AlgosTesting */,
				863112C8249E30A700E01FED /* Products */,
			);
			sourceTree = "<group>";
		};
		863112C8249E30A700E01FED /* Products */ = {
			isa = PBXGroup;
			children = (
				863112C7249E30A700E01FED /* SwiftPractice */,
				863112D5249E30F600E01FED /* AlgosTesting.xctest */,
			);
			name = Products;
			sourceTree = "<group>";
		};
		863112C9249E30A700E01FED /* SwiftPractice */ = {
			isa = PBXGroup;
			children = (
				8670BEE1250FCC8E00208DCD /* PartialWordSearching */,
				86F3A66024A291700035E24F /* RomanNumeralsDecoder */,
				86B7AB65249FA1120014916D /* ConsecutiveStrings */,
				86B7AB5F249F9EEF0014916D /* CheckForFactor */,
				863112E3249E753400E01FED /* PersistentBugger */,
				863112DF249E317D00E01FED /* CountDuplicates */,
			);
			path = SwiftPractice;
			sourceTree = "<group>";
		};
		863112D6249E30F600E01FED /* AlgosTesting */ = {
			isa = PBXGroup;
			children = (
				863112D9249E30F600E01FED /* Info.plist */,
				863112DD249E311500E01FED /* CountingDuplicatesTest.swift */,
				863112E7249E759E00E01FED /* PersistentBuggerTest.swift */,
				86B7AB62249F9F9D0014916D /* CheckForFactorTest.swift */,
				86B7AB69249FA1440014916D /* ConsecutiveStringsTest.swift */,
				86F3A66324A291A30035E24F /* RomanNumeralsDecoderTest.swift */,
				8670BEE5250FCCF100208DCD /* PartialWordSearchingTest.swift */,
			);
			path = AlgosTesting;
			sourceTree = "<group>";
		};
		863112DF249E317D00E01FED /* CountDuplicates */ = {
			isa = PBXGroup;
			children = (
				863112E0249E318F00E01FED /* CountDuplicates.swift */,
			);
			path = CountDuplicates;
			sourceTree = "<group>";
		};
		863112E3249E753400E01FED /* PersistentBugger */ = {
			isa = PBXGroup;
			children = (
				863112E4249E754D00E01FED /* PersistentBugger.swift */,
			);
			path = PersistentBugger;
			sourceTree = "<group>";
		};
		8670BEE1250FCC8E00208DCD /* PartialWordSearching */ = {
			isa = PBXGroup;
			children = (
				8670BEE2250FCCA800208DCD /* PartialWordSearching.swift */,
			);
			path = PartialWordSearching;
			sourceTree = "<group>";
		};
		86B7AB5F249F9EEF0014916D /* CheckForFactor */ = {
			isa = PBXGroup;
			children = (
				86B7AB60249F9F140014916D /* CheckForFactor.swift */,
			);
			path = CheckForFactor;
			sourceTree = "<group>";
		};
		86B7AB65249FA1120014916D /* ConsecutiveStrings */ = {
			isa = PBXGroup;
			children = (
				86B7AB66249FA1270014916D /* ConsecutiveStrings.swift */,
			);
			path = ConsecutiveStrings;
			sourceTree = "<group>";
		};
		86F3A66024A291700035E24F /* RomanNumeralsDecoder */ = {
			isa = PBXGroup;
			children = (
				86F3A66124A291920035E24F /* RomanNumeralsDecoder.swift */,
			);
			path = RomanNumeralsDecoder;
			sourceTree = "<group>";
		};
/* End PBXGroup section */

/* Begin PBXNativeTarget section */
		863112C6249E30A700E01FED /* SwiftPractice */ = {
			isa = PBXNativeTarget;
			buildConfigurationList = 863112CE249E30A700E01FED /* Build configuration list for PBXNativeTarget "SwiftPractice" */;
			buildPhases = (
				863112C3249E30A700E01FED /* Sources */,
				863112C4249E30A700E01FED /* Frameworks */,
				863112C5249E30A700E01FED /* CopyFiles */,
			);
			buildRules = (
			);
			dependencies = (
			);
			name = SwiftPractice;
			productName = SwiftPractice;
			productReference = 863112C7249E30A700E01FED /* SwiftPractice */;
			productType = "com.apple.product-type.tool";
		};
		863112D4249E30F600E01FED /* AlgosTesting */ = {
			isa = PBXNativeTarget;
			buildConfigurationList = 863112DA249E30F600E01FED /* Build configuration list for PBXNativeTarget "AlgosTesting" */;
			buildPhases = (
				863112D1249E30F600E01FED /* Sources */,
				863112D2249E30F600E01FED /* Frameworks */,
				863112D3249E30F600E01FED /* Resources */,
			);
			buildRules = (
			);
			dependencies = (
			);
			name = AlgosTesting;
			productName = AlgosTesting;
			productReference = 863112D5249E30F600E01FED /* AlgosTesting.xctest */;
			productType = "com.apple.product-type.bundle.unit-test";
		};
/* End PBXNativeTarget section */

/* Begin PBXProject section */
		863112BF249E30A700E01FED /* Project object */ = {
			isa = PBXProject;
			attributes = {
				LastSwiftUpdateCheck = 1150;
				LastUpgradeCheck = 1150;
				ORGANIZATIONNAME = "Evaldas Paulauskas";
				TargetAttributes = {
					863112C6249E30A700E01FED = {
						CreatedOnToolsVersion = 11.5;
					};
					863112D4249E30F600E01FED = {
						CreatedOnToolsVersion = 11.5;
					};
				};
			};
			buildConfigurationList = 863112C2249E30A700E01FED /* Build configuration list for PBXProject "SwiftPractice" */;
			compatibilityVersion = "Xcode 9.3";
			developmentRegion = en;
			hasScannedForEncodings = 0;
			knownRegions = (
				en,
				Base,
			);
			mainGroup = 863112BE249E30A700E01FED;
			productRefGroup = 863112C8249E30A700E01FED /* Products */;
			projectDirPath = "";
			projectRoot = "";
			targets = (
				863112C6249E30A700E01FED /* SwiftPractice */,
				863112D4249E30F600E01FED /* AlgosTesting */,
			);
		};
/* End PBXProject section */

/* Begin PBXResourcesBuildPhase section */
		863112D3249E30F600E01FED /* Resources */ = {
			isa = PBXResourcesBuildPhase;
			buildActionMask = 2147483647;
			files = (
			);
			runOnlyForDeploymentPostprocessing = 0;
		};
/* End PBXResourcesBuildPhase section */

/* Begin PBXSourcesBuildPhase section */
		863112C3249E30A700E01FED /* Sources */ = {
			isa = PBXSourcesBuildPhase;
			buildActionMask = 2147483647;
			files = (
				863112E5249E754D00E01FED /* PersistentBugger.swift in Sources */,
				8670BEE3250FCCA800208DCD /* PartialWordSearching.swift in Sources */,
				86F3A66224A291920035E24F /* RomanNumeralsDecoder.swift in Sources */,
				863112CB249E30A700E01FED /* main.swift in Sources */,
				863112E1249E318F00E01FED /* CountDuplicates.swift in Sources */,
				86B7AB61249F9F140014916D /* CheckForFactor.swift in Sources */,
				86B7AB67249FA1270014916D /* ConsecutiveStrings.swift in Sources */,
			);
			runOnlyForDeploymentPostprocessing = 0;
		};
		863112D1249E30F600E01FED /* Sources */ = {
			isa = PBXSourcesBuildPhase;
			buildActionMask = 2147483647;
			files = (
				863112E6249E754D00E01FED /* PersistentBugger.swift in Sources */,
				86F3A66424A291A30035E24F /* RomanNumeralsDecoderTest.swift in Sources */,
				86B7AB6A249FA1440014916D /* ConsecutiveStringsTest.swift in Sources */,
				86B7AB6B249FAEF80014916D /* main.swift in Sources */,
				863112DE249E311500E01FED /* CountingDuplicatesTest.swift in Sources */,
				86F3A66524A291A60035E24F /* RomanNumeralsDecoder.swift in Sources */,
				863112E8249E759E00E01FED /* PersistentBuggerTest.swift in Sources */,
				863112E2249E318F00E01FED /* CountDuplicates.swift in Sources */,
				86B7AB63249F9F9D0014916D /* CheckForFactorTest.swift in Sources */,
				86B7AB68249FA1270014916D /* ConsecutiveStrings.swift in Sources */,
				8670BEE4250FCCE500208DCD /* PartialWordSearching.swift in Sources */,
				8670BEE6250FCCF100208DCD /* PartialWordSearchingTest.swift in Sources */,
				86B7AB64249FA0A00014916D /* CheckForFactor.swift in Sources */,
			);
			runOnlyForDeploymentPostprocessing = 0;
		};
/* End PBXSourcesBuildPhase section */

/* Begin XCBuildConfiguration section */
		863112CC249E30A700E01FED /* Debug */ = {
			isa = XCBuildConfiguration;
			buildSettings = {
				ALWAYS_SEARCH_USER_PATHS = NO;
				CLANG_ANALYZER_NONNULL = YES;
				CLANG_ANALYZER_NUMBER_OBJECT_CONVERSION = YES_AGGRESSIVE;
				CLANG_CXX_LANGUAGE_STANDARD = "gnu++14";
				CLANG_CXX_LIBRARY = "libc++";
				CLANG_ENABLE_MODULES = YES;
				CLANG_ENABLE_OBJC_ARC = YES;
				CLANG_ENABLE_OBJC_WEAK = YES;
				CLANG_WARN_BLOCK_CAPTURE_AUTORELEASING = YES;
				CLANG_WARN_BOOL_CONVERSION = YES;
				CLANG_WARN_COMMA = YES;
				CLANG_WARN_CONSTANT_CONVERSION = YES;
				CLANG_WARN_DEPRECATED_OBJC_IMPLEMENTATIONS = YES;
				CLANG_WARN_DIRECT_OBJC_ISA_USAGE = YES_ERROR;
				CLANG_WARN_DOCUMENTATION_COMMENTS = YES;
				CLANG_WARN_EMPTY_BODY = YES;
				CLANG_WARN_ENUM_CONVERSION = YES;
				CLANG_WARN_INFINITE_RECURSION = YES;
				CLANG_WARN_INT_CONVERSION = YES;
				CLANG_WARN_NON_LITERAL_NULL_CONVERSION = YES;
				CLANG_WARN_OBJC_IMPLICIT_RETAIN_SELF = YES;
				CLANG_WARN_OBJC_LITERAL_CONVERSION = YES;
				CLANG_WARN_OBJC_ROOT_CLASS = YES_ERROR;
				CLANG_WARN_RANGE_LOOP_ANALYSIS = YES;
				CLANG_WARN_STRICT_PROTOTYPES = YES;
				CLANG_WARN_SUSPICIOUS_MOVE = YES;
				CLANG_WARN_UNGUARDED_AVAILABILITY = YES_AGGRESSIVE;
				CLANG_WARN_UNREACHABLE_CODE = YES;
				CLANG_WARN__DUPLICATE_METHOD_MATCH = YES;
				COPY_PHASE_STRIP = NO;
				DEBUG_INFORMATION_FORMAT = dwarf;
				ENABLE_STRICT_OBJC_MSGSEND = YES;
				ENABLE_TESTABILITY = YES;
				GCC_C_LANGUAGE_STANDARD = gnu11;
				GCC_DYNAMIC_NO_PIC = NO;
				GCC_NO_COMMON_BLOCKS = YES;
				GCC_OPTIMIZATION_LEVEL = 0;
				GCC_PREPROCESSOR_DEFINITIONS = (
					"DEBUG=1",
					"$(inherited)",
				);
				GCC_WARN_64_TO_32_BIT_CONVERSION = YES;
				GCC_WARN_ABOUT_RETURN_TYPE = YES_ERROR;
				GCC_WARN_UNDECLARED_SELECTOR = YES;
				GCC_WARN_UNINITIALIZED_AUTOS = YES_AGGRESSIVE;
				GCC_WARN_UNUSED_FUNCTION = YES;
				GCC_WARN_UNUSED_VARIABLE = YES;
				MACOSX_DEPLOYMENT_TARGET = 10.15;
				MTL_ENABLE_DEBUG_INFO = INCLUDE_SOURCE;
				MTL_FAST_MATH = YES;
				ONLY_ACTIVE_ARCH = YES;
				SDKROOT = macosx;
				SWIFT_ACTIVE_COMPILATION_CONDITIONS = DEBUG;
				SWIFT_OPTIMIZATION_LEVEL = "-Onone";
			};
			name = Debug;
		};
		863112CD249E30A700E01FED /* Release */ = {
			isa = XCBuildConfiguration;
			buildSettings = {
				ALWAYS_SEARCH_USER_PATHS = NO;
				CLANG_ANALYZER_NONNULL = YES;
				CLANG_ANALYZER_NUMBER_OBJECT_CONVERSION = YES_AGGRESSIVE;
				CLANG_CXX_LANGUAGE_STANDARD = "gnu++14";
				CLANG_CXX_LIBRARY = "libc++";
				CLANG_ENABLE_MODULES = YES;
				CLANG_ENABLE_OBJC_ARC = YES;
				CLANG_ENABLE_OBJC_WEAK = YES;
				CLANG_WARN_BLOCK_CAPTURE_AUTORELEASING = YES;
				CLANG_WARN_BOOL_CONVERSION = YES;
				CLANG_WARN_COMMA = YES;
				CLANG_WARN_CONSTANT_CONVERSION = YES;
				CLANG_WARN_DEPRECATED_OBJC_IMPLEMENTATIONS = YES;
				CLANG_WARN_DIRECT_OBJC_ISA_USAGE = YES_ERROR;
				CLANG_WARN_DOCUMENTATION_COMMENTS = YES;
				CLANG_WARN_EMPTY_BODY = YES;
				CLANG_WARN_ENUM_CONVERSION = YES;
				CLANG_WARN_INFINITE_RECURSION = YES;
				CLANG_WARN_INT_CONVERSION = YES;
				CLANG_WARN_NON_LITERAL_NULL_CONVERSION = YES;
				CLANG_WARN_OBJC_IMPLICIT_RETAIN_SELF = YES;
				CLANG_WARN_OBJC_LITERAL_CONVERSION = YES;
				CLANG_WARN_OBJC_ROOT_CLASS = YES_ERROR;
				CLANG_WARN_RANGE_LOOP_ANALYSIS = YES;
				CLANG_WARN_STRICT_PROTOTYPES = YES;
				CLANG_WARN_SUSPICIOUS_MOVE = YES;
				CLANG_WARN_UNGUARDED_AVAILABILITY = YES_AGGRESSIVE;
				CLANG_WARN_UNREACHABLE_CODE = YES;
				CLANG_WARN__DUPLICATE_METHOD_MATCH = YES;
				COPY_PHASE_STRIP = NO;
				DEBUG_INFORMATION_FORMAT = "dwarf-with-dsym";
				ENABLE_NS_ASSERTIONS = NO;
				ENABLE_STRICT_OBJC_MSGSEND = YES;
				GCC_C_LANGUAGE_STANDARD = gnu11;
				GCC_NO_COMMON_BLOCKS = YES;
				GCC_WARN_64_TO_32_BIT_CONVERSION = YES;
				GCC_WARN_ABOUT_RETURN_TYPE = YES_ERROR;
				GCC_WARN_UNDECLARED_SELECTOR = YES;
				GCC_WARN_UNINITIALIZED_AUTOS = YES_AGGRESSIVE;
				GCC_WARN_UNUSED_FUNCTION = YES;
				GCC_WARN_UNUSED_VARIABLE = YES;
				MACOSX_DEPLOYMENT_TARGET = 10.15;
				MTL_ENABLE_DEBUG_INFO = NO;
				MTL_FAST_MATH = YES;
				SDKROOT = macosx;
				SWIFT_COMPILATION_MODE = wholemodule;
				SWIFT_OPTIMIZATION_LEVEL = "-O";
			};
			name = Release;
		};
		863112CF249E30A700E01FED /* Debug */ = {
			isa = XCBuildConfiguration;
			buildSettings = {
				CODE_SIGN_STYLE = Automatic;
				DEVELOPMENT_TEAM = 92NU2A4F42;
				ENABLE_HARDENED_RUNTIME = YES;
				PRODUCT_NAME = "$(TARGET_NAME)";
				SWIFT_VERSION = 5.0;
			};
			name = Debug;
		};
		863112D0249E30A700E01FED /* Release */ = {
			isa = XCBuildConfiguration;
			buildSettings = {
				CODE_SIGN_STYLE = Automatic;
				DEVELOPMENT_TEAM = 92NU2A4F42;
				ENABLE_HARDENED_RUNTIME = YES;
				PRODUCT_NAME = "$(TARGET_NAME)";
				SWIFT_VERSION = 5.0;
			};
			name = Release;
		};
		863112DB249E30F600E01FED /* Debug */ = {
			isa = XCBuildConfiguration;
			buildSettings = {
				CODE_SIGN_STYLE = Automatic;
				COMBINE_HIDPI_IMAGES = YES;
				DEVELOPMENT_TEAM = 92NU2A4F42;
				INFOPLIST_FILE = AlgosTesting/Info.plist;
				LD_RUNPATH_SEARCH_PATHS = (
					"$(inherited)",
					"@executable_path/../Frameworks",
					"@loader_path/../Frameworks",
				);
				PRODUCT_BUNDLE_IDENTIFIER = com.crowjambo.AlgosTesting;
				PRODUCT_NAME = "$(TARGET_NAME)";
				SWIFT_VERSION = 5.0;
			};
			name = Debug;
		};
		863112DC249E30F600E01FED /* Release */ = {
			isa = XCBuildConfiguration;
			buildSettings = {
				CODE_SIGN_STYLE = Automatic;
				COMBINE_HIDPI_IMAGES = YES;
				DEVELOPMENT_TEAM = 92NU2A4F42;
				INFOPLIST_FILE = AlgosTesting/Info.plist;
				LD_RUNPATH_SEARCH_PATHS = (
					"$(inherited)",
					"@executable_path/../Frameworks",
					"@loader_path/../Frameworks",
				);
				PRODUCT_BUNDLE_IDENTIFIER = com.crowjambo.AlgosTesting;
				PRODUCT_NAME = "$(TARGET_NAME)";
				SWIFT_VERSION = 5.0;
			};
			name = Release;
		};
/* End XCBuildConfiguration section */

/* Begin XCConfigurationList section */
		863112C2249E30A700E01FED /* Build configuration list for PBXProject "SwiftPractice" */ = {
			isa = XCConfigurationList;
			buildConfigurations = (
				863112CC249E30A700E01FED /* Debug */,
				863112CD249E30A700E01FED /* Release */,
			);
			defaultConfigurationIsVisible = 0;
			defaultConfigurationName = Release;
		};
		863112CE249E30A700E01FED /* Build configuration list for PBXNativeTarget "SwiftPractice" */ = {
			isa = XCConfigurationList;
			buildConfigurations = (
				863112CF249E30A700E01FED /* Debug */,
				863112D0249E30A700E01FED /* Release */,
			);
			defaultConfigurationIsVisible = 0;
			defaultConfigurationName = Release;
		};
		863112DA249E30F600E01FED /* Build configuration list for PBXNativeTarget "AlgosTesting" */ = {
			isa = XCConfigurationList;
			buildConfigurations = (
				863112DB249E30F600E01FED /* Debug */,
				863112DC249E30F600E01FED /* Release */,
			);
			defaultConfigurationIsVisible = 0;
			defaultConfigurationName = Release;
		};
/* End XCConfigurationList section */
	};
	rootObject = 863112BF249E30A700E01FED /* Project object */;
}
